
Microsoft Visual Studio Solution File, Format Version 12.00
# Visual Studio 15
VisualStudioVersion = 15.0.28010.2046
MinimumVisualStudioVersion = 10.0.40219.1
Project("{FAE04EC0-301F-11D3-BF4B-00C04F79EFBC}") = "SmartBox", "SmartBox\SmartBox.csproj", "{C3F9B124-3769-45AC-BFD4-DF07CAC447AD}"
EndProject
Global
	GlobalSection(SolutionConfigurationPlatforms) = preSolution
		Debug|Any CPU = Debug|Any CPU
		Release|Any CPU = Release|Any CPU
	EndGlobalSection
	GlobalSection(ProjectConfigurationPlatforms) = postSolution
		{C3F9B124-3769-45AC-BFD4-DF07CAC447AD}.Debug|Any CPU.ActiveCfg = Debug|Any CPU
		{C3F9B124-3769-45AC-BFD4-DF07CAC447AD}.Debug|Any CPU.Build.0 = Debug|Any CPU
		{C3F9B124-3769-45AC-BFD4-DF07CAC447AD}.Release|Any CPU.ActiveCfg = Release|Any CPU
		{C3F9B124-3769-45AC-BFD4-DF07CAC447AD}.Release|Any CPU.Build.0 = Release|Any CPU
	EndGlobalSection
	GlobalSection(SolutionProperties) = preSolution
		HideSolutionNode = FALSE
	EndGlobalSection
	GlobalSection(ExtensibilityGlobals) = postSolution
		SolutionGuid = {281975A3-BFA6-40C1-ACDF-B1F78AA2FBAB}
	EndGlobalSection
EndGlobal
